
Microsoft Visual Studio Solution File, Format Version 12.00
# Visual Studio Version 17
VisualStudioVersion = 17.2.32630.192
MinimumVisualStudioVersion = 10.0.40219.1
Project("{9092AA53-FB77-4645-B42D-1CCCA6BD08BD}") = "walleyjs-core", "walleyjs-core\walleyjs-core.njsproj", "{A209071C-FAD6-470B-BB5E-ED0ABC28FE63}"
EndProject
Project("{9092AA53-FB77-4645-B42D-1CCCA6BD08BD}") = "walleyjs-plugins-kafka", "walleyjs-plugins-kafka\walleyjs-plugins-kafka.njsproj", "{DD9D0AE9-ED5C-415B-8324-ED10F5BD9824}"
EndProject
Global
	GlobalSection(SolutionConfigurationPlatforms) = preSolution
		Debug|Any CPU = Debug|Any CPU
		Release|Any CPU = Release|Any CPU
	EndGlobalSection
	GlobalSection(ProjectConfigurationPlatforms) = postSolution
		{A209071C-FAD6-470B-BB5E-ED0ABC28FE63}.Debug|Any CPU.ActiveCfg = Debug|Any CPU
		{A209071C-FAD6-470B-BB5E-ED0ABC28FE63}.Debug|Any CPU.Build.0 = Debug|Any CPU
		{A209071C-FAD6-470B-BB5E-ED0ABC28FE63}.Release|Any CPU.ActiveCfg = Release|Any CPU
		{A209071C-FAD6-470B-BB5E-ED0ABC28FE63}.Release|Any CPU.Build.0 = Release|Any CPU
		{DD9D0AE9-ED5C-415B-8324-ED10F5BD9824}.Debug|Any CPU.ActiveCfg = Debug|Any CPU
		{DD9D0AE9-ED5C-415B-8324-ED10F5BD9824}.Debug|Any CPU.Build.0 = Debug|Any CPU
		{DD9D0AE9-ED5C-415B-8324-ED10F5BD9824}.Release|Any CPU.ActiveCfg = Release|Any CPU
		{DD9D0AE9-ED5C-415B-8324-ED10F5BD9824}.Release|Any CPU.Build.0 = Release|Any CPU
	EndGlobalSection
	GlobalSection(SolutionProperties) = preSolution
		HideSolutionNode = FALSE
	EndGlobalSection
	GlobalSection(ExtensibilityGlobals) = postSolution
		SolutionGuid = {2E68D96E-D1DC-4C0D-A71B-9906203B297A}
	EndGlobalSection
EndGlobal
